// !$*UTF8*$!
{
	archiveVersion = 1;
	classes = {
	};
	objectVersion = 56;
	objects = {

/* Begin PBXBuildFile section */
		EAA56D112C12F05500DE79D6 /* AppDelegate.swift in Sources */ = {isa = PBXBuildFile; fileRef = EAA56D102C12F05500DE79D6 /* AppDelegate.swift */; };
		EAA56D132C12F05500DE79D6 /* SceneDelegate.swift in Sources */ = {isa = PBXBuildFile; fileRef = EAA56D122C12F05500DE79D6 /* SceneDelegate.swift */; };
		EAA56D152C12F05500DE79D6 /* ViewController.swift in Sources */ = {isa = PBXBuildFile; fileRef = EAA56D142C12F05500DE79D6 /* ViewController.swift */; };
		EAA56D182C12F05500DE79D6 /* Base in Resources */ = {isa = PBXBuildFile; fileRef = EAA56D172C12F05500DE79D6 /* Base */; };
		EAA56D1A2C12F05600DE79D6 /* Assets.xcassets in Resources */ = {isa = PBXBuildFile; fileRef = EAA56D192C12F05600DE79D6 /* Assets.xcassets */; };
		EAA56D1D2C12F05600DE79D6 /* Base in Resources */ = {isa = PBXBuildFile; fileRef = EAA56D1C2C12F05600DE79D6 /* Base */; };
		EAA56D252C12F3E500DE79D6 /* EasyViewController.swift in Sources */ = {isa = PBXBuildFile; fileRef = EAA56D242C12F3E500DE79D6 /* EasyViewController.swift */; };
		EAA56D272C131A1400DE79D6 /* EasyGuessViewController.swift in Sources */ = {isa = PBXBuildFile; fileRef = EAA56D262C131A1400DE79D6 /* EasyGuessViewController.swift */; };
		EAD9E44A2C1383BD009EF7DA /* FinalViewController.swift in Sources */ = {isa = PBXBuildFile; fileRef = EAD9E4492C1383BD009EF7DA /* FinalViewController.swift */; };
/* End PBXBuildFile section */

/* Begin PBXFileReference section */
		EAA56D0D2C12F05500DE79D6 /* battleship.app */ = {isa = PBXFileReference; explicitFileType = wrapper.application; includeInIndex = 0; path = battleship.app; sourceTree = BUILT_PRODUCTS_DIR; };
		EAA56D102C12F05500DE79D6 /* AppDelegate.swift */ = {isa = PBXFileReference; lastKnownFileType = sourcecode.swift; path = AppDelegate.swift; sourceTree = "<group>"; };
		EAA56D122C12F05500DE79D6 /* SceneDelegate.swift */ = {isa = PBXFileReference; lastKnownFileType = sourcecode.swift; path = SceneDelegate.swift; sourceTree = "<group>"; };
		EAA56D142C12F05500DE79D6 /* ViewController.swift */ = {isa = PBXFileReference; lastKnownFileType = sourcecode.swift; path = ViewController.swift; sourceTree = "<group>"; };
		EAA56D172C12F05500DE79D6 /* Base */ = {isa = PBXFileReference; lastKnownFileType = file.storyboard; name = Base; path = Base.lproj/Main.storyboard; sourceTree = "<group>"; };
		EAA56D192C12F05600DE79D6 /* Assets.xcassets */ = {isa = PBXFileReference; lastKnownFileType = folder.assetcatalog; path = Assets.xcassets; sourceTree = "<group>"; };
		EAA56D1C2C12F05600DE79D6 /* Base */ = {isa = PBXFileReference; lastKnownFileType = file.storyboard; name = Base; path = Base.lproj/LaunchScreen.storyboard; sourceTree = "<group>"; };
		EAA56D1E2C12F05600DE79D6 /* Info.plist */ = {isa = PBXFileReference; lastKnownFileType = text.plist.xml; path = Info.plist; sourceTree = "<group>"; };
		EAA56D242C12F3E500DE79D6 /* EasyViewController.swift */ = {isa = PBXFileReference; lastKnownFileType = sourcecode.swift; path = EasyViewController.swift; sourceTree = "<group>"; };
		EAA56D262C131A1400DE79D6 /* EasyGuessViewController.swift */ = {isa = PBXFileReference; lastKnownFileType = sourcecode.swift; path = EasyGuessViewController.swift; sourceTree = "<group>"; };
		EAD9E4492C1383BD009EF7DA /* FinalViewController.swift */ = {isa = PBXFileReference; lastKnownFileType = sourcecode.swift; path = FinalViewController.swift; sourceTree = "<group>"; };
/* End PBXFileReference section */

/* Begin PBXFrameworksBuildPhase section */
		EAA56D0A2C12F05500DE79D6 /* Frameworks */ = {
			isa = PBXFrameworksBuildPhase;
			buildActionMask = 2147483647;
			files = (
			);
			runOnlyForDeploymentPostprocessing = 0;
		};
/* End PBXFrameworksBuildPhase section */

/* Begin PBXGroup section */
		EAA56D042C12F05500DE79D6 = {
			isa = PBXGroup;
			children = (
				EAA56D0F2C12F05500DE79D6 /* battleship */,
				EAA56D0E2C12F05500DE79D6 /* Products */,
			);
			sourceTree = "<group>";
		};
		EAA56D0E2C12F05500DE79D6 /* Products */ = {
			isa = PBXGroup;
			children = (
				EAA56D0D2C12F05500DE79D6 /* battleship.app */,
			);
			name = Products;
			sourceTree = "<group>";
		};
		EAA56D0F2C12F05500DE79D6 /* battleship */ = {
			isa = PBXGroup;
			children = (
				EAA56D242C12F3E500DE79D6 /* EasyViewController.swift */,
				EAD9E4492C1383BD009EF7DA /* FinalViewController.swift */,
				EAA56D262C131A1400DE79D6 /* EasyGuessViewController.swift */,
				EAA56D102C12F05500DE79D6 /* AppDelegate.swift */,
				EAA56D122C12F05500DE79D6 /* SceneDelegate.swift */,
				EAA56D142C12F05500DE79D6 /* ViewController.swift */,
				EAA56D162C12F05500DE79D6 /* Main.storyboard */,
				EAA56D192C12F05600DE79D6 /* Assets.xcassets */,
				EAA56D1B2C12F05600DE79D6 /* LaunchScreen.storyboard */,
				EAA56D1E2C12F05600DE79D6 /* Info.plist */,
			);
			path = battleship;
			sourceTree = "<group>";
		};
/* End PBXGroup section */

/* Begin PBXNativeTarget section */
		EAA56D0C2C12F05500DE79D6 /* battleship */ = {
			isa = PBXNativeTarget;
			buildConfigurationList = EAA56D212C12F05600DE79D6 /* Build configuration list for PBXNativeTarget "battleship" */;
			buildPhases = (
				EAA56D092C12F05500DE79D6 /* Sources */,
				EAA56D0A2C12F05500DE79D6 /* Frameworks */,
				EAA56D0B2C12F05500DE79D6 /* Resources */,
			);
			buildRules = (
			);
			dependencies = (
			);
			name = battleship;
			productName = battleship;
			productReference = EAA56D0D2C12F05500DE79D6 /* battleship.app */;
			productType = "com.apple.product-type.application";
		};
/* End PBXNativeTarget section */

/* Begin PBXProject section */
		EAA56D052C12F05500DE79D6 /* Project object */ = {
			isa = PBXProject;
			attributes = {
				BuildIndependentTargetsInParallel = 1;
				LastSwiftUpdateCheck = 1540;
				LastUpgradeCheck = 1540;
				TargetAttributes = {
					EAA56D0C2C12F05500DE79D6 = {
						CreatedOnToolsVersion = 15.4;
					};
				};
			};
			buildConfigurationList = EAA56D082C12F05500DE79D6 /* Build configuration list for PBXProject "battleship" */;
			compatibilityVersion = "Xcode 14.0";
			developmentRegion = en;
			hasScannedForEncodings = 0;
			knownRegions = (
				en,
				Base,
			);
			mainGroup = EAA56D042C12F05500DE79D6;
			productRefGroup = EAA56D0E2C12F05500DE79D6 /* Products */;
			projectDirPath = "";
			projectRoot = "";
			targets = (
				EAA56D0C2C12F05500DE79D6 /* battleship */,
			);
		};
/* End PBXProject section */

/* Begin PBXResourcesBuildPhase section */
		EAA56D0B2C12F05500DE79D6 /* Resources */ = {
			isa = PBXResourcesBuildPhase;
			buildActionMask = 2147483647;
			files = (
				EAA56D1A2C12F05600DE79D6 /* Assets.xcassets in Resources */,
				EAA56D1D2C12F05600DE79D6 /* Base in Resources */,
				EAA56D182C12F05500DE79D6 /* Base in Resources */,
			);
			runOnlyForDeploymentPostprocessing = 0;
		};
/* End PBXResourcesBuildPhase section */

/* Begin PBXSourcesBuildPhase section */
		EAA56D092C12F05500DE79D6 /* Sources */ = {
			isa = PBXSourcesBuildPhase;
			buildActionMask = 2147483647;
			files = (
				EAA56D272C131A1400DE79D6 /* EasyGuessViewController.swift in Sources */,
				EAD9E44A2C1383BD009EF7DA /* FinalViewController.swift in Sources */,
				EAA56D252C12F3E500DE79D6 /* EasyViewController.swift in Sources */,
				EAA56D152C12F05500DE79D6 /* ViewController.swift in Sources */,
				EAA56D112C12F05500DE79D6 /* AppDelegate.swift in Sources */,
				EAA56D132C12F05500DE79D6 /* SceneDelegate.swift in Sources */,
			);
			runOnlyForDeploymentPostprocessing = 0;
		};
/* End PBXSourcesBuildPhase section */

/* Begin PBXVariantGroup section */
		EAA56D162C12F05500DE79D6 /* Main.storyboard */ = {
			isa = PBXVariantGroup;
			children = (
				EAA56D172C12F05500DE79D6 /* Base */,
			);
			name = Main.storyboard;
			sourceTree = "<group>";
		};
		EAA56D1B2C12F05600DE79D6 /* LaunchScreen.storyboard */ = {
			isa = PBXVariantGroup;
			children = (
				EAA56D1C2C12F05600DE79D6 /* Base */,
			);
			name = LaunchScreen.storyboard;
			sourceTree = "<group>";
		};
/* End PBXVariantGroup section */

/* Begin XCBuildConfiguration section */
		EAA56D1F2C12F05600DE79D6 /* Debug */ = {
			isa = XCBuildConfiguration;
			buildSettings = {
				ALWAYS_SEARCH_USER_PATHS = NO;
				ASSETCATALOG_COMPILER_GENERATE_SWIFT_ASSET_SYMBOL_EXTENSIONS = YES;
				CLANG_ANALYZER_NONNULL = YES;
				CLANG_ANALYZER_NUMBER_OBJECT_CONVERSION = YES_AGGRESSIVE;
				CLANG_CXX_LANGUAGE_STANDARD = "gnu++20";
				CLANG_ENABLE_MODULES = YES;
				CLANG_ENABLE_OBJC_ARC = YES;
				CLANG_ENABLE_OBJC_WEAK = YES;
				CLANG_WARN_BLOCK_CAPTURE_AUTORELEASING = YES;
				CLANG_WARN_BOOL_CONVERSION = YES;
				CLANG_WARN_COMMA = YES;
				CLANG_WARN_CONSTANT_CONVERSION = YES;
				CLANG_WARN_DEPRECATED_OBJC_IMPLEMENTATIONS = YES;
				CLANG_WARN_DIRECT_OBJC_ISA_USAGE = YES_ERROR;
				CLANG_WARN_DOCUMENTATION_COMMENTS = YES;
				CLANG_WARN_EMPTY_BODY = YES;
				CLANG_WARN_ENUM_CONVERSION = YES;
				CLANG_WARN_INFINITE_RECURSION = YES;
				CLANG_WARN_INT_CONVERSION = YES;
				CLANG_WARN_NON_LITERAL_NULL_CONVERSION = YES;
				CLANG_WARN_OBJC_IMPLICIT_RETAIN_SELF = YES;
				CLANG_WARN_OBJC_LITERAL_CONVERSION = YES;
				CLANG_WARN_OBJC_ROOT_CLASS = YES_ERROR;
				CLANG_WARN_QUOTED_INCLUDE_IN_FRAMEWORK_HEADER = YES;
				CLANG_WARN_RANGE_LOOP_ANALYSIS = YES;
				CLANG_WARN_STRICT_PROTOTYPES = YES;
				CLANG_WARN_SUSPICIOUS_MOVE = YES;
				CLANG_WARN_UNGUARDED_AVAILABILITY = YES_AGGRESSIVE;
				CLANG_WARN_UNREACHABLE_CODE = YES;
				CLANG_WARN__DUPLICATE_METHOD_MATCH = YES;
				COPY_PHASE_STRIP = NO;
				DEBUG_INFORMATION_FORMAT = dwarf;
				ENABLE_STRICT_OBJC_MSGSEND = YES;
				ENABLE_TESTABILITY = YES;
				ENABLE_USER_SCRIPT_SANDBOXING = YES;
				GCC_C_LANGUAGE_STANDARD = gnu17;
				GCC_DYNAMIC_NO_PIC = NO;
				GCC_NO_COMMON_BLOCKS = YES;
				GCC_OPTIMIZATION_LEVEL = 0;
				GCC_PREPROCESSOR_DEFINITIONS = (
					"DEBUG=1",
					"$(inherited)",
				);
				GCC_WARN_64_TO_32_BIT_CONVERSION = YES;
				GCC_WARN_ABOUT_RETURN_TYPE = YES_ERROR;
				GCC_WARN_UNDECLARED_SELECTOR = YES;
				GCC_WARN_UNINITIALIZED_AUTOS = YES_AGGRESSIVE;
				GCC_WARN_UNUSED_FUNCTION = YES;
				GCC_WARN_UNUSED_VARIABLE = YES;
				IPHONEOS_DEPLOYMENT_TARGET = 17.5;
				LOCALIZATION_PREFERS_STRING_CATALOGS = YES;
				MTL_ENABLE_DEBUG_INFO = INCLUDE_SOURCE;
				MTL_FAST_MATH = YES;
				ONLY_ACTIVE_ARCH = YES;
				SDKROOT = iphoneos;
				SWIFT_ACTIVE_COMPILATION_CONDITIONS = "DEBUG $(inherited)";
				SWIFT_OPTIMIZATION_LEVEL = "-Onone";
			};
			name = Debug;
		};
		EAA56D202C12F05600DE79D6 /* Release */ = {
			isa = XCBuildConfiguration;
			buildSettings = {
				ALWAYS_SEARCH_USER_PATHS = NO;
				ASSETCATALOG_COMPILER_GENERATE_SWIFT_ASSET_SYMBOL_EXTENSIONS = YES;
				CLANG_ANALYZER_NONNULL = YES;
				CLANG_ANALYZER_NUMBER_OBJECT_CONVERSION = YES_AGGRESSIVE;
				CLANG_CXX_LANGUAGE_STANDARD = "gnu++20";
				CLANG_ENABLE_MODULES = YES;
				CLANG_ENABLE_OBJC_ARC = YES;
				CLANG_ENABLE_OBJC_WEAK = YES;
				CLANG_WARN_BLOCK_CAPTURE_AUTORELEASING = YES;
				CLANG_WARN_BOOL_CONVERSION = YES;
				CLANG_WARN_COMMA = YES;
				CLANG_WARN_CONSTANT_CONVERSION = YES;
				CLANG_WARN_DEPRECATED_OBJC_IMPLEMENTATIONS = YES;
				CLANG_WARN_DIRECT_OBJC_ISA_USAGE = YES_ERROR;
				CLANG_WARN_DOCUMENTATION_COMMENTS = YES;
				CLANG_WARN_EMPTY_BODY = YES;
				CLANG_WARN_ENUM_CONVERSION = YES;
				CLANG_WARN_INFINITE_RECURSION = YES;
				CLANG_WARN_INT_CONVERSION = YES;
				CLANG_WARN_NON_LITERAL_NULL_CONVERSION = YES;
				CLANG_WARN_OBJC_IMPLICIT_RETAIN_SELF = YES;
				CLANG_WARN_OBJC_LITERAL_CONVERSION = YES;
				CLANG_WARN_OBJC_ROOT_CLASS = YES_ERROR;
				CLANG_WARN_QUOTED_INCLUDE_IN_FRAMEWORK_HEADER = YES;
				CLANG_WARN_RANGE_LOOP_ANALYSIS = YES;
				CLANG_WARN_STRICT_PROTOTYPES = YES;
				CLANG_WARN_SUSPICIOUS_MOVE = YES;
				CLANG_WARN_UNGUARDED_AVAILABILITY = YES_AGGRESSIVE;
				CLANG_WARN_UNREACHABLE_CODE = YES;
				CLANG_WARN__DUPLICATE_METHOD_MATCH = YES;
				COPY_PHASE_STRIP = NO;
				DEBUG_INFORMATION_FORMAT = "dwarf-with-dsym";
				ENABLE_NS_ASSERTIONS = NO;
				ENABLE_STRICT_OBJC_MSGSEND = YES;
				ENABLE_USER_SCRIPT_SANDBOXING = YES;
				GCC_C_LANGUAGE_STANDARD = gnu17;
				GCC_NO_COMMON_BLOCKS = YES;
				GCC_WARN_64_TO_32_BIT_CONVERSION = YES;
				GCC_WARN_ABOUT_RETURN_TYPE = YES_ERROR;
				GCC_WARN_UNDECLARED_SELECTOR = YES;
				GCC_WARN_UNINITIALIZED_AUTOS = YES_AGGRESSIVE;
				GCC_WARN_UNUSED_FUNCTION = YES;
				GCC_WARN_UNUSED_VARIABLE = YES;
				IPHONEOS_DEPLOYMENT_TARGET = 17.5;
				LOCALIZATION_PREFERS_STRING_CATALOGS = YES;
				MTL_ENABLE_DEBUG_INFO = NO;
				MTL_FAST_MATH = YES;
				SDKROOT = iphoneos;
				SWIFT_COMPILATION_MODE = wholemodule;
				VALIDATE_PRODUCT = YES;
			};
			name = Release;
		};
		EAA56D222C12F05600DE79D6 /* Debug */ = {
			isa = XCBuildConfiguration;
			buildSettings = {
				ASSETCATALOG_COMPILER_APPICON_NAME = AppIcon;
				ASSETCATALOG_COMPILER_GLOBAL_ACCENT_COLOR_NAME = AccentColor;
				CODE_SIGN_STYLE = Automatic;
				CURRENT_PROJECT_VERSION = 1;
				GENERATE_INFOPLIST_FILE = YES;
				INFOPLIST_FILE = battleship/Info.plist;
				INFOPLIST_KEY_UIApplicationSupportsIndirectInputEvents = YES;
				INFOPLIST_KEY_UILaunchStoryboardName = LaunchScreen;
				INFOPLIST_KEY_UIMainStoryboardFile = Main;
				INFOPLIST_KEY_UISupportedInterfaceOrientations = UIInterfaceOrientationPortrait;
				LD_RUNPATH_SEARCH_PATHS = (
					"$(inherited)",
					"@executable_path/Frameworks",
				);
				MARKETING_VERSION = 1.0;
				PRODUCT_BUNDLE_IDENTIFIER = com.antonylanglois.battleship;
				PRODUCT_NAME = "$(TARGET_NAME)";
				SWIFT_EMIT_LOC_STRINGS = YES;
				SWIFT_VERSION = 5.0;
				TARGETED_DEVICE_FAMILY = "1,2";
			};
			name = Debug;
		};
		EAA56D232C12F05600DE79D6 /* Release */ = {
			isa = XCBuildConfiguration;
			buildSettings = {
				ASSETCATALOG_COMPILER_APPICON_NAME = AppIcon;
				ASSETCATALOG_COMPILER_GLOBAL_ACCENT_COLOR_NAME = AccentColor;
				CODE_SIGN_STYLE = Automatic;
				CURRENT_PROJECT_VERSION = 1;
				GENERATE_INFOPLIST_FILE = YES;
				INFOPLIST_FILE = battleship/Info.plist;
				INFOPLIST_KEY_UIApplicationSupportsIndirectInputEvents = YES;
				INFOPLIST_KEY_UILaunchStoryboardName = LaunchScreen;
				INFOPLIST_KEY_UIMainStoryboardFile = Main;
				INFOPLIST_KEY_UISupportedInterfaceOrientations = UIInterfaceOrientationPortrait;
				LD_RUNPATH_SEARCH_PATHS = (
					"$(inherited)",
					"@executable_path/Frameworks",
				);
				MARKETING_VERSION = 1.0;
				PRODUCT_BUNDLE_IDENTIFIER = com.antonylanglois.battleship;
				PRODUCT_NAME = "$(TARGET_NAME)";
				SWIFT_EMIT_LOC_STRINGS = YES;
				SWIFT_VERSION = 5.0;
				TARGETED_DEVICE_FAMILY = "1,2";
			};
			name = Release;
		};
/* End XCBuildConfiguration section */

/* Begin XCConfigurationList section */
		EAA56D082C12F05500DE79D6 /* Build configuration list for PBXProject "battleship" */ = {
			isa = XCConfigurationList;
			buildConfigurations = (
				EAA56D1F2C12F05600DE79D6 /* Debug */,
				EAA56D202C12F05600DE79D6 /* Release */,
			);
			defaultConfigurationIsVisible = 0;
			defaultConfigurationName = Release;
		};
		EAA56D212C12F05600DE79D6 /* Build configuration list for PBXNativeTarget "battleship" */ = {
			isa = XCConfigurationList;
			buildConfigurations = (
				EAA56D222C12F05600DE79D6 /* Debug */,
				EAA56D232C12F05600DE79D6 /* Release */,
			);
			defaultConfigurationIsVisible = 0;
			defaultConfigurationName = Release;
		};
/* End XCConfigurationList section */
	};
	rootObject = EAA56D052C12F05500DE79D6 /* Project object */;
}
